
Microsoft Visual Studio Solution File, Format Version 12.00
# Visual Studio 15
VisualStudioVersion = 15.0.28307.902
MinimumVisualStudioVersion = 10.0.40219.1
Project("{8BC9CEB8-8B4A-11D0-8D11-00A0C91BC942}") = "HelloSocket", "HelloSocket\HelloSocket.vcxproj", "{6B5A1007-F7EB-4881-A6C9-3E98155D3E91}"
EndProject
Project("{8BC9CEB8-8B4A-11D0-8D11-00A0C91BC942}") = "EasyTcpServer", "EasyTcpServer\EasyTcpServer.vcxproj", "{570E3A4F-97A7-463F-A727-62260FE77B6F}"
EndProject
Project("{8BC9CEB8-8B4A-11D0-8D11-00A0C91BC942}") = "EasyTcpClient", "EasyTcpClient\EasyTcpClient.vcxproj", "{2F59242E-6334-4A8E-924C-B1A3F4E405FD}"
EndProject
Project("{8BC9CEB8-8B4A-11D0-8D11-00A0C91BC942}") = "HelloThread", "HelloThread\HelloThread.vcxproj", "{CCC348EE-3743-4185-BFB4-1BE6D64FCE92}"
EndProject
Project("{8BC9CEB8-8B4A-11D0-8D11-00A0C91BC942}") = "HelloMemory", "HelloMemory\HelloMemory.vcxproj", "{2D41AAB1-D495-4BC2-92E1-B7B8406C9D02}"
EndProject
Project("{8BC9CEB8-8B4A-11D0-8D11-00A0C91BC942}") = "HelloCpp11", "HelloCpp11\HelloCpp11.vcxproj", "{2EF4CDD9-976A-405E-B842-9E1DA4F0CB58}"
EndProject
Project("{8BC9CEB8-8B4A-11D0-8D11-00A0C91BC942}") = "cppDllsocket", "cppDllsocket\cppDllsocket.vcxproj", "{5F0D611F-4F5E-42A5-B0ED-1D785F8B17F0}"
EndProject
Project("{8BC9CEB8-8B4A-11D0-8D11-00A0C91BC942}") = "MySql", "MySql\MySql.vcxproj", "{61AB607D-A614-4FB8-928B-DA1DDE2FB0D9}"
EndProject
Project("{8BC9CEB8-8B4A-11D0-8D11-00A0C91BC942}") = "HTTP", "HTTP\HTTP.vcxproj", "{C0C85D5D-F317-4ED1-9D2D-E15C5A787082}"
EndProject
Project("{8BC9CEB8-8B4A-11D0-8D11-00A0C91BC942}") = "OpenSSL", "OpenSSL\OpenSSL.vcxproj", "{5A63A60B-4BE0-466A-A7FE-A3719661A907}"
EndProject
Project("{8BC9CEB8-8B4A-11D0-8D11-00A0C91BC942}") = "IOCP", "IOCP\IOCP.vcxproj", "{4B049DB5-EEF9-4C1F-A784-4FD860F60EB7}"
EndProject
Global
	GlobalSection(SolutionConfigurationPlatforms) = preSolution
		Debug|x64 = Debug|x64
		Debug|x86 = Debug|x86
		Release|x64 = Release|x64
		Release|x86 = Release|x86
	EndGlobalSection
	GlobalSection(ProjectConfigurationPlatforms) = postSolution
		{6B5A1007-F7EB-4881-A6C9-3E98155D3E91}.Debug|x64.ActiveCfg = Debug|x64
		{6B5A1007-F7EB-4881-A6C9-3E98155D3E91}.Debug|x64.Build.0 = Debug|x64
		{6B5A1007-F7EB-4881-A6C9-3E98155D3E91}.Debug|x86.ActiveCfg = Debug|Win32
		{6B5A1007-F7EB-4881-A6C9-3E98155D3E91}.Debug|x86.Build.0 = Debug|Win32
		{6B5A1007-F7EB-4881-A6C9-3E98155D3E91}.Release|x64.ActiveCfg = Release|x64
		{6B5A1007-F7EB-4881-A6C9-3E98155D3E91}.Release|x64.Build.0 = Release|x64
		{6B5A1007-F7EB-4881-A6C9-3E98155D3E91}.Release|x86.ActiveCfg = Release|Win32
		{6B5A1007-F7EB-4881-A6C9-3E98155D3E91}.Release|x86.Build.0 = Release|Win32
		{570E3A4F-97A7-463F-A727-62260FE77B6F}.Debug|x64.ActiveCfg = Debug|x64
		{570E3A4F-97A7-463F-A727-62260FE77B6F}.Debug|x64.Build.0 = Debug|x64
		{570E3A4F-97A7-463F-A727-62260FE77B6F}.Debug|x86.ActiveCfg = Debug|Win32
		{570E3A4F-97A7-463F-A727-62260FE77B6F}.Debug|x86.Build.0 = Debug|Win32
		{570E3A4F-97A7-463F-A727-62260FE77B6F}.Release|x64.ActiveCfg = Release|x64
		{570E3A4F-97A7-463F-A727-62260FE77B6F}.Release|x64.Build.0 = Release|x64
		{570E3A4F-97A7-463F-A727-62260FE77B6F}.Release|x86.ActiveCfg = Release|Win32
		{570E3A4F-97A7-463F-A727-62260FE77B6F}.Release|x86.Build.0 = Release|Win32
		{2F59242E-6334-4A8E-924C-B1A3F4E405FD}.Debug|x64.ActiveCfg = Debug|x64
		{2F59242E-6334-4A8E-924C-B1A3F4E405FD}.Debug|x64.Build.0 = Debug|x64
		{2F59242E-6334-4A8E-924C-B1A3F4E405FD}.Debug|x86.ActiveCfg = Debug|Win32
		{2F59242E-6334-4A8E-924C-B1A3F4E405FD}.Debug|x86.Build.0 = Debug|Win32
		{2F59242E-6334-4A8E-924C-B1A3F4E405FD}.Release|x64.ActiveCfg = Release|x64
		{2F59242E-6334-4A8E-924C-B1A3F4E405FD}.Release|x64.Build.0 = Release|x64
		{2F59242E-6334-4A8E-924C-B1A3F4E405FD}.Release|x86.ActiveCfg = Release|Win32
		{2F59242E-6334-4A8E-924C-B1A3F4E405FD}.Release|x86.Build.0 = Release|Win32
		{CCC348EE-3743-4185-BFB4-1BE6D64FCE92}.Debug|x64.ActiveCfg = Debug|x64
		{CCC348EE-3743-4185-BFB4-1BE6D64FCE92}.Debug|x64.Build.0 = Debug|x64
		{CCC348EE-3743-4185-BFB4-1BE6D64FCE92}.Debug|x86.ActiveCfg = Debug|Win32
		{CCC348EE-3743-4185-BFB4-1BE6D64FCE92}.Debug|x86.Build.0 = Debug|Win32
		{CCC348EE-3743-4185-BFB4-1BE6D64FCE92}.Release|x64.ActiveCfg = Release|x64
		{CCC348EE-3743-4185-BFB4-1BE6D64FCE92}.Release|x64.Build.0 = Release|x64
		{CCC348EE-3743-4185-BFB4-1BE6D64FCE92}.Release|x86.ActiveCfg = Release|Win32
		{CCC348EE-3743-4185-BFB4-1BE6D64FCE92}.Release|x86.Build.0 = Release|Win32
		{2D41AAB1-D495-4BC2-92E1-B7B8406C9D02}.Debug|x64.ActiveCfg = Debug|x64
		{2D41AAB1-D495-4BC2-92E1-B7B8406C9D02}.Debug|x64.Build.0 = Debug|x64
		{2D41AAB1-D495-4BC2-92E1-B7B8406C9D02}.Debug|x86.ActiveCfg = Debug|Win32
		{2D41AAB1-D495-4BC2-92E1-B7B8406C9D02}.Debug|x86.Build.0 = Debug|Win32
		{2D41AAB1-D495-4BC2-92E1-B7B8406C9D02}.Release|x64.ActiveCfg = Release|x64
		{2D41AAB1-D495-4BC2-92E1-B7B8406C9D02}.Release|x64.Build.0 = Release|x64
		{2D41AAB1-D495-4BC2-92E1-B7B8406C9D02}.Release|x86.ActiveCfg = Release|Win32
		{2D41AAB1-D495-4BC2-92E1-B7B8406C9D02}.Release|x86.Build.0 = Release|Win32
		{2EF4CDD9-976A-405E-B842-9E1DA4F0CB58}.Debug|x64.ActiveCfg = Debug|x64
		{2EF4CDD9-976A-405E-B842-9E1DA4F0CB58}.Debug|x64.Build.0 = Debug|x64
		{2EF4CDD9-976A-405E-B842-9E1DA4F0CB58}.Debug|x86.ActiveCfg = Debug|Win32
		{2EF4CDD9-976A-405E-B842-9E1DA4F0CB58}.Debug|x86.Build.0 = Debug|Win32
		{2EF4CDD9-976A-405E-B842-9E1DA4F0CB58}.Release|x64.ActiveCfg = Release|x64
		{2EF4CDD9-976A-405E-B842-9E1DA4F0CB58}.Release|x64.Build.0 = Release|x64
		{2EF4CDD9-976A-405E-B842-9E1DA4F0CB58}.Release|x86.ActiveCfg = Release|Win32
		{2EF4CDD9-976A-405E-B842-9E1DA4F0CB58}.Release|x86.Build.0 = Release|Win32
		{5F0D611F-4F5E-42A5-B0ED-1D785F8B17F0}.Debug|x64.ActiveCfg = Debug|x64
		{5F0D611F-4F5E-42A5-B0ED-1D785F8B17F0}.Debug|x64.Build.0 = Debug|x64
		{5F0D611F-4F5E-42A5-B0ED-1D785F8B17F0}.Debug|x86.ActiveCfg = Debug|Win32
		{5F0D611F-4F5E-42A5-B0ED-1D785F8B17F0}.Debug|x86.Build.0 = Debug|Win32
		{5F0D611F-4F5E-42A5-B0ED-1D785F8B17F0}.Release|x64.ActiveCfg = Release|x64
		{5F0D611F-4F5E-42A5-B0ED-1D785F8B17F0}.Release|x64.Build.0 = Release|x64
		{5F0D611F-4F5E-42A5-B0ED-1D785F8B17F0}.Release|x86.ActiveCfg = Release|Win32
		{5F0D611F-4F5E-42A5-B0ED-1D785F8B17F0}.Release|x86.Build.0 = Release|Win32
		{61AB607D-A614-4FB8-928B-DA1DDE2FB0D9}.Debug|x64.ActiveCfg = Debug|x64
		{61AB607D-A614-4FB8-928B-DA1DDE2FB0D9}.Debug|x64.Build.0 = Debug|x64
		{61AB607D-A614-4FB8-928B-DA1DDE2FB0D9}.Debug|x86.ActiveCfg = Debug|Win32
		{61AB607D-A614-4FB8-928B-DA1DDE2FB0D9}.Debug|x86.Build.0 = Debug|Win32
		{61AB607D-A614-4FB8-928B-DA1DDE2FB0D9}.Release|x64.ActiveCfg = Release|x64
		{61AB607D-A614-4FB8-928B-DA1DDE2FB0D9}.Release|x64.Build.0 = Release|x64
		{61AB607D-A614-4FB8-928B-DA1DDE2FB0D9}.Release|x86.ActiveCfg = Release|Win32
		{61AB607D-A614-4FB8-928B-DA1DDE2FB0D9}.Release|x86.Build.0 = Release|Win32
		{C0C85D5D-F317-4ED1-9D2D-E15C5A787082}.Debug|x64.ActiveCfg = Debug|x64
		{C0C85D5D-F317-4ED1-9D2D-E15C5A787082}.Debug|x64.Build.0 = Debug|x64
		{C0C85D5D-F317-4ED1-9D2D-E15C5A787082}.Debug|x86.ActiveCfg = Debug|Win32
		{C0C85D5D-F317-4ED1-9D2D-E15C5A787082}.Debug|x86.Build.0 = Debug|Win32
		{C0C85D5D-F317-4ED1-9D2D-E15C5A787082}.Release|x64.ActiveCfg = Release|x64
		{C0C85D5D-F317-4ED1-9D2D-E15C5A787082}.Release|x64.Build.0 = Release|x64
		{C0C85D5D-F317-4ED1-9D2D-E15C5A787082}.Release|x86.ActiveCfg = Release|Win32
		{C0C85D5D-F317-4ED1-9D2D-E15C5A787082}.Release|x86.Build.0 = Release|Win32
		{5A63A60B-4BE0-466A-A7FE-A3719661A907}.Debug|x64.ActiveCfg = Debug|x64
		{5A63A60B-4BE0-466A-A7FE-A3719661A907}.Debug|x64.Build.0 = Debug|x64
		{5A63A60B-4BE0-466A-A7FE-A3719661A907}.Debug|x86.ActiveCfg = Debug|Win32
		{5A63A60B-4BE0-466A-A7FE-A3719661A907}.Debug|x86.Build.0 = Debug|Win32
		{5A63A60B-4BE0-466A-A7FE-A3719661A907}.Release|x64.ActiveCfg = Release|x64
		{5A63A60B-4BE0-466A-A7FE-A3719661A907}.Release|x64.Build.0 = Release|x64
		{5A63A60B-4BE0-466A-A7FE-A3719661A907}.Release|x86.ActiveCfg = Release|Win32
		{5A63A60B-4BE0-466A-A7FE-A3719661A907}.Release|x86.Build.0 = Release|Win32
		{4B049DB5-EEF9-4C1F-A784-4FD860F60EB7}.Debug|x64.ActiveCfg = Debug|x64
		{4B049DB5-EEF9-4C1F-A784-4FD860F60EB7}.Debug|x64.Build.0 = Debug|x64
		{4B049DB5-EEF9-4C1F-A784-4FD860F60EB7}.Debug|x86.ActiveCfg = Debug|Win32
		{4B049DB5-EEF9-4C1F-A784-4FD860F60EB7}.Debug|x86.Build.0 = Debug|Win32
		{4B049DB5-EEF9-4C1F-A784-4FD860F60EB7}.Release|x64.ActiveCfg = Release|x64
		{4B049DB5-EEF9-4C1F-A784-4FD860F60EB7}.Release|x64.Build.0 = Release|x64
		{4B049DB5-EEF9-4C1F-A784-4FD860F60EB7}.Release|x86.ActiveCfg = Release|Win32
		{4B049DB5-EEF9-4C1F-A784-4FD860F60EB7}.Release|x86.Build.0 = Release|Win32
	EndGlobalSection
	GlobalSection(SolutionProperties) = preSolution
		HideSolutionNode = FALSE
	EndGlobalSection
	GlobalSection(ExtensibilityGlobals) = postSolution
		SolutionGuid = {562F3E6B-62FF-4D86-96CC-845CC68E4702}
	EndGlobalSection
EndGlobal
